
Microsoft Visual Studio Solution File, Format Version 12.00
# Visual Studio 15
VisualStudioVersion = 15.0.28307.168
MinimumVisualStudioVersion = 10.0.40219.1
Project("{FAE04EC0-301F-11D3-BF4B-00C04F79EFBC}") = "ConsoleApp1", "ConsoleApp1\ConsoleApp1.csproj", "{EAB3F424-8C07-4BAC-8607-D154EDF74A5B}"
EndProject
Global
	GlobalSection(SolutionConfigurationPlatforms) = preSolution
		Debug|Any CPU = Debug|Any CPU
		Release|Any CPU = Release|Any CPU
	EndGlobalSection
	GlobalSection(ProjectConfigurationPlatforms) = postSolution
		{EAB3F424-8C07-4BAC-8607-D154EDF74A5B}.Debug|Any CPU.ActiveCfg = Debug|Any CPU
		{EAB3F424-8C07-4BAC-8607-D154EDF74A5B}.Debug|Any CPU.Build.0 = Debug|Any CPU
		{EAB3F424-8C07-4BAC-8607-D154EDF74A5B}.Release|Any CPU.ActiveCfg = Release|Any CPU
		{EAB3F424-8C07-4BAC-8607-D154EDF74A5B}.Release|Any CPU.Build.0 = Release|Any CPU
	EndGlobalSection
	GlobalSection(SolutionProperties) = preSolution
		HideSolutionNode = FALSE
	EndGlobalSection
	GlobalSection(ExtensibilityGlobals) = postSolution
		SolutionGuid = {BC782778-CAE3-4591-9FE4-DFA3D3D3CFF4}
	EndGlobalSection
EndGlobal
